
Microsoft Visual Studio Solution File, Format Version 12.00
# Visual Studio Version 17
VisualStudioVersion = 17.6.33829.357
MinimumVisualStudioVersion = 10.0.40219.1
Project("{FAE04EC0-301F-11D3-BF4B-00C04F79EFBC}") = "lab 4 q2", "lab 4 q2\lab 4 q2.csproj", "{495A5FFE-D50D-4FD1-A5F5-012C67BC9006}"
EndProject
Global
	GlobalSection(SolutionConfigurationPlatforms) = preSolution
		Debug|Any CPU = Debug|Any CPU
		Release|Any CPU = Release|Any CPU
	EndGlobalSection
	GlobalSection(ProjectConfigurationPlatforms) = postSolution
		{495A5FFE-D50D-4FD1-A5F5-012C67BC9006}.Debug|Any CPU.ActiveCfg = Debug|Any CPU
		{495A5FFE-D50D-4FD1-A5F5-012C67BC9006}.Debug|Any CPU.Build.0 = Debug|Any CPU
		{495A5FFE-D50D-4FD1-A5F5-012C67BC9006}.Release|Any CPU.ActiveCfg = Release|Any CPU
		{495A5FFE-D50D-4FD1-A5F5-012C67BC9006}.Release|Any CPU.Build.0 = Release|Any CPU
	EndGlobalSection
	GlobalSection(SolutionProperties) = preSolution
		HideSolutionNode = FALSE
	EndGlobalSection
	GlobalSection(ExtensibilityGlobals) = postSolution
		SolutionGuid = {1A0139C8-F367-4C51-9F47-78483415A3EF}
	EndGlobalSection
EndGlobal
