
Microsoft Visual Studio Solution File, Format Version 12.00
# Visual Studio Version 17
VisualStudioVersion = 17.6.33829.357
MinimumVisualStudioVersion = 10.0.40219.1
Project("{FAE04EC0-301F-11D3-BF4B-00C04F79EFBC}") = "lab 02 Q5", "lab 02 Q5\lab 02 Q5.csproj", "{3BB78ADD-DA00-4332-B960-95D73E4901F8}"
EndProject
Global
	GlobalSection(SolutionConfigurationPlatforms) = preSolution
		Debug|Any CPU = Debug|Any CPU
		Release|Any CPU = Release|Any CPU
	EndGlobalSection
	GlobalSection(ProjectConfigurationPlatforms) = postSolution
		{3BB78ADD-DA00-4332-B960-95D73E4901F8}.Debug|Any CPU.ActiveCfg = Debug|Any CPU
		{3BB78ADD-DA00-4332-B960-95D73E4901F8}.Debug|Any CPU.Build.0 = Debug|Any CPU
		{3BB78ADD-DA00-4332-B960-95D73E4901F8}.Release|Any CPU.ActiveCfg = Release|Any CPU
		{3BB78ADD-DA00-4332-B960-95D73E4901F8}.Release|Any CPU.Build.0 = Release|Any CPU
	EndGlobalSection
	GlobalSection(SolutionProperties) = preSolution
		HideSolutionNode = FALSE
	EndGlobalSection
	GlobalSection(ExtensibilityGlobals) = postSolution
		SolutionGuid = {F6E3EE46-0A7D-4AD7-B04C-71EDF30B52D9}
	EndGlobalSection
EndGlobal
