
Microsoft Visual Studio Solution File, Format Version 12.00
# Visual Studio Version 17
VisualStudioVersion = 17.6.33829.357
MinimumVisualStudioVersion = 10.0.40219.1
Project("{FAE04EC0-301F-11D3-BF4B-00C04F79EFBC}") = "lab 03 Q4", "lab 03 Q4\lab 03 Q4.csproj", "{F80312B1-90BD-4078-B0B0-602DA824E97A}"
EndProject
Global
	GlobalSection(SolutionConfigurationPlatforms) = preSolution
		Debug|Any CPU = Debug|Any CPU
		Release|Any CPU = Release|Any CPU
	EndGlobalSection
	GlobalSection(ProjectConfigurationPlatforms) = postSolution
		{F80312B1-90BD-4078-B0B0-602DA824E97A}.Debug|Any CPU.ActiveCfg = Debug|Any CPU
		{F80312B1-90BD-4078-B0B0-602DA824E97A}.Debug|Any CPU.Build.0 = Debug|Any CPU
		{F80312B1-90BD-4078-B0B0-602DA824E97A}.Release|Any CPU.ActiveCfg = Release|Any CPU
		{F80312B1-90BD-4078-B0B0-602DA824E97A}.Release|Any CPU.Build.0 = Release|Any CPU
	EndGlobalSection
	GlobalSection(SolutionProperties) = preSolution
		HideSolutionNode = FALSE
	EndGlobalSection
	GlobalSection(ExtensibilityGlobals) = postSolution
		SolutionGuid = {615A4D24-8056-4A8D-A2E9-4BE5DE6BFE70}
	EndGlobalSection
EndGlobal
